
Microsoft Visual Studio Solution File, Format Version 12.00
# Visual Studio Version 17
VisualStudioVersion = 17.1.32210.238
MinimumVisualStudioVersion = 10.0.40219.1
Project("{9A19103F-16F7-4668-BE54-9A1E7A4F7556}") = "GymGo", "ProgettoPromemoria\GymGo.csproj", "{D0110FFB-15BE-429E-86B9-7E261CAF11D3}"
EndProject
Project("{9A19103F-16F7-4668-BE54-9A1E7A4F7556}") = "GymGo.Gateway", "ProgettoMemoria.Gateway\GymGo.Gateway.csproj", "{CA6C2D71-902C-4AD1-8181-663437030811}"
EndProject
Project("{9A19103F-16F7-4668-BE54-9A1E7A4F7556}") = "GymGo.Core", "ProgettoMemoria.Core\GymGo.Core.csproj", "{24D3F750-2E47-45E1-B49B-38BF43CE04A3}"
EndProject
Project("{9A19103F-16F7-4668-BE54-9A1E7A4F7556}") = "GymGo.Tests", "ProgettoPromemoria.Tests\GymGo.Tests.csproj", "{277539B1-D009-4997-9485-E895767ADF3B}"
EndProject
Global
	GlobalSection(SolutionConfigurationPlatforms) = preSolution
		Debug|Any CPU = Debug|Any CPU
		Release|Any CPU = Release|Any CPU
	EndGlobalSection
	GlobalSection(ProjectConfigurationPlatforms) = postSolution
		{D0110FFB-15BE-429E-86B9-7E261CAF11D3}.Debug|Any CPU.ActiveCfg = Debug|Any CPU
		{D0110FFB-15BE-429E-86B9-7E261CAF11D3}.Debug|Any CPU.Build.0 = Debug|Any CPU
		{D0110FFB-15BE-429E-86B9-7E261CAF11D3}.Release|Any CPU.ActiveCfg = Release|Any CPU
		{D0110FFB-15BE-429E-86B9-7E261CAF11D3}.Release|Any CPU.Build.0 = Release|Any CPU
		{CA6C2D71-902C-4AD1-8181-663437030811}.Debug|Any CPU.ActiveCfg = Debug|Any CPU
		{CA6C2D71-902C-4AD1-8181-663437030811}.Debug|Any CPU.Build.0 = Debug|Any CPU
		{CA6C2D71-902C-4AD1-8181-663437030811}.Release|Any CPU.ActiveCfg = Release|Any CPU
		{CA6C2D71-902C-4AD1-8181-663437030811}.Release|Any CPU.Build.0 = Release|Any CPU
		{24D3F750-2E47-45E1-B49B-38BF43CE04A3}.Debug|Any CPU.ActiveCfg = Debug|Any CPU
		{24D3F750-2E47-45E1-B49B-38BF43CE04A3}.Debug|Any CPU.Build.0 = Debug|Any CPU
		{24D3F750-2E47-45E1-B49B-38BF43CE04A3}.Release|Any CPU.ActiveCfg = Release|Any CPU
		{24D3F750-2E47-45E1-B49B-38BF43CE04A3}.Release|Any CPU.Build.0 = Release|Any CPU
		{277539B1-D009-4997-9485-E895767ADF3B}.Debug|Any CPU.ActiveCfg = Debug|Any CPU
		{277539B1-D009-4997-9485-E895767ADF3B}.Debug|Any CPU.Build.0 = Debug|Any CPU
		{277539B1-D009-4997-9485-E895767ADF3B}.Release|Any CPU.ActiveCfg = Release|Any CPU
		{277539B1-D009-4997-9485-E895767ADF3B}.Release|Any CPU.Build.0 = Release|Any CPU
	EndGlobalSection
	GlobalSection(SolutionProperties) = preSolution
		HideSolutionNode = FALSE
	EndGlobalSection
	GlobalSection(ExtensibilityGlobals) = postSolution
		SolutionGuid = {D8D2EAE9-B727-42D6-93AA-704EE67EE707}
	EndGlobalSection
EndGlobal
